<?xml version="1.0" encoding="utf-8"?>
<Project ToolsVersion="4.0" xmlns="http://schemas.microsoft.com/developer/msbuild/2003">
  <ItemGroup>
    <Filter Include="Source Files">
      <UniqueIdentifier>{4FC737F1-C7A5-4376-A066-2A32D752A2FF}</UniqueIdentifier>
      <Extensions>cpp;cxx;c;def</Extensions>
    </Filter>
    <Filter Include="Header Files">
      <UniqueIdentifier>{93995380-89BD-4b04-88EB-625FBE52EBFB}</UniqueIdentifier>
      <Extensions>h</Extensions>
    </Filter>
    <Filter Include="Form Files">
      <UniqueIdentifier>{99349809-55BA-4b9d-BF79-8FDBB0286EB3}</UniqueIdentifier>
      <Extensions>ui</Extensions>
    </Filter>
    <Filter Include="Resource Files">
      <UniqueIdentifier>{D9D6E242-F8AF-46E4-B9FD-80ECBC20BA3E}</UniqueIdentifier>
      <Extensions>qrc;*</Extensions>
      <ParseFiles>false</ParseFiles>
    </Filter>
    <Filter Include="Generated Files">
      <UniqueIdentifier>{71ED8ED8-ACB9-4CE9-BBE1-E00B30144E11}</UniqueIdentifier>
      <Extensions>moc;h;cpp</Extensions>
      <SourceControlFiles>False</SourceControlFiles>
    </Filter>
    <Filter Include="Generated Files\Debug">
      <UniqueIdentifier>{be2785b5-fbc0-4d1f-a2e8-bbb7c287e4cc}</UniqueIdentifier>
      <Extensions>cpp;moc</Extensions>
      <SourceControlFiles>False</SourceControlFiles>
    </Filter>
    <Filter Include="Generated Files\Release">
      <UniqueIdentifier>{0cd9c9f3-1f8d-492b-a9e5-a26a1bf662c0}</UniqueIdentifier>
      <Extensions>cpp;moc</Extensions>
      <SourceControlFiles>False</SourceControlFiles>
    </Filter>
  </ItemGroup>
  <ItemGroup>
    <ClInclude Include="ArcBall.h">
      <Filter>Header Files</Filter>
    </ClInclude>
    <ClInclude Include="commands.h">
      <Filter>Header Files</Filter>
    </ClInclude>
    <ClInclude Include="ExpressionEvaluator.h">
      <Filter>Header Files</Filter>
    </ClInclude>
    <ClInclude Include="function.h">
      <Filter>Header Files</Filter>
    </ClInclude>
    <ClInclude Include="function2d.h">
      <Filter>Header Files</Filter>
    </ClInclude>
    <ClInclude Include="function3d.h">
      <Filter>Header Files</Filter>
    </ClInclude>
    <ClInclude Include="fvformathandler.h">
      <Filter>Header Files</Filter>
    </ClInclude>
    <ClInclude Include="Node.h">
      <Filter>Header Files</Filter>
    </ClInclude>
    <ClInclude Include="Operator.h">
      <Filter>Header Files</Filter>
    </ClInclude>
    <ClInclude Include="GeneratedFiles\ui_derivativedialog.h">
      <Filter>Generated Files</Filter>
    </ClInclude>
    <ClInclude Include="GeneratedFiles\ui_function2ddialog.h">
      <Filter>Generated Files</Filter>
    </ClInclude>
    <ClInclude Include="GeneratedFiles\ui_function3ddialog.h">
      <Filter>Generated Files</Filter>
    </ClInclude>
    <ClInclude Include="GeneratedFiles\ui_graphsettings2ddialog.h">
      <Filter>Generated Files</Filter>
    </ClInclude>
    <ClInclude Include="GeneratedFiles\ui_graphsettings3ddialog.h">
      <Filter>Generated Files</Filter>
    </ClInclude>
    <ClInclude Include="GeneratedFiles\ui_helpdialog.h">
      <Filter>Generated Files</Filter>
    </ClInclude>
  </ItemGroup>
  <ItemGroup>
    <CustomBuild Include="colorbutton.h">
      <Filter>Header Files</Filter>
    </CustomBuild>
    <CustomBuild Include="derivativedialog.h">
      <Filter>Header Files</Filter>
    </CustomBuild>
    <CustomBuild Include="function2ddialog.h">
      <Filter>Header Files</Filter>
    </CustomBuild>
    <CustomBuild Include="function3ddialog.h">
      <Filter>Header Files</Filter>
    </CustomBuild>
    <CustomBuild Include="functionslistview.h">
      <Filter>Header Files</Filter>
    </CustomBuild>
    <CustomBuild Include="fvmainwindow.h">
      <Filter>Header Files</Filter>
    </CustomBuild>
    <CustomBuild Include="graphsettings2ddialog.h">
      <Filter>Header Files</Filter>
    </CustomBuild>
    <CustomBuild Include="graphsettings3ddialog.h">
      <Filter>Header Files</Filter>
    </CustomBuild>
    <CustomBuild Include="graphwindow.h">
      <Filter>Header Files</Filter>
    </CustomBuild>
    <CustomBuild Include="graphwindow2d.h">
      <Filter>Header Files</Filter>
    </CustomBuild>
    <CustomBuild Include="graphwindow3d.h">
      <Filter>Header Files</Filter>
    </CustomBuild>
    <CustomBuild Include="helpbrowser.h">
      <Filter>Header Files</Filter>
    </CustomBuild>
    <CustomBuild Include="helpdialog.h">
      <Filter>Header Files</Filter>
    </CustomBuild>
    <CustomBuild Include="plotter2d.h">
      <Filter>Header Files</Filter>
    </CustomBuild>
    <CustomBuild Include="plotter3d.h">
      <Filter>Header Files</Filter>
    </CustomBuild>
    <CustomBuild Include="resources.qrc">
      <Filter>Resource Files</Filter>
    </CustomBuild>
    <CustomBuild Include="derivativedialog.ui">
      <Filter>Form Files</Filter>
    </CustomBuild>
    <CustomBuild Include="function2ddialog.ui">
      <Filter>Form Files</Filter>
    </CustomBuild>
    <CustomBuild Include="function3ddialog.ui">
      <Filter>Form Files</Filter>
    </CustomBuild>
    <CustomBuild Include="graphsettings2ddialog.ui">
      <Filter>Form Files</Filter>
    </CustomBuild>
    <CustomBuild Include="graphsettings3ddialog.ui">
      <Filter>Form Files</Filter>
    </CustomBuild>
    <CustomBuild Include="helpdialog.ui">
      <Filter>Form Files</Filter>
    </CustomBuild>
  </ItemGroup>
  <ItemGroup>
    <ClCompile Include="GeneratedFiles\Debug\moc_colorbutton.cpp">
      <Filter>Generated Files\Debug</Filter>
    </ClCompile>
    <ClCompile Include="GeneratedFiles\Release\moc_colorbutton.cpp">
      <Filter>Generated Files\Release</Filter>
    </ClCompile>
    <ClCompile Include="GeneratedFiles\Debug\moc_derivativedialog.cpp">
      <Filter>Generated Files\Debug</Filter>
    </ClCompile>
    <ClCompile Include="GeneratedFiles\Release\moc_derivativedialog.cpp">
      <Filter>Generated Files\Release</Filter>
    </ClCompile>
    <ClCompile Include="GeneratedFiles\Debug\moc_function2ddialog.cpp">
      <Filter>Generated Files\Debug</Filter>
    </ClCompile>
    <ClCompile Include="GeneratedFiles\Release\moc_function2ddialog.cpp">
      <Filter>Generated Files\Release</Filter>
    </ClCompile>
    <ClCompile Include="GeneratedFiles\Debug\moc_function3ddialog.cpp">
      <Filter>Generated Files\Debug</Filter>
    </ClCompile>
    <ClCompile Include="GeneratedFiles\Release\moc_function3ddialog.cpp">
      <Filter>Generated Files\Release</Filter>
    </ClCompile>
    <ClCompile Include="GeneratedFiles\Debug\moc_functionslistview.cpp">
      <Filter>Generated Files\Debug</Filter>
    </ClCompile>
    <ClCompile Include="GeneratedFiles\Release\moc_functionslistview.cpp">
      <Filter>Generated Files\Release</Filter>
    </ClCompile>
    <ClCompile Include="GeneratedFiles\Debug\moc_fvmainwindow.cpp">
      <Filter>Generated Files\Debug</Filter>
    </ClCompile>
    <ClCompile Include="GeneratedFiles\Release\moc_fvmainwindow.cpp">
      <Filter>Generated Files\Release</Filter>
    </ClCompile>
    <ClCompile Include="GeneratedFiles\Debug\moc_graphsettings2ddialog.cpp">
      <Filter>Generated Files\Debug</Filter>
    </ClCompile>
    <ClCompile Include="GeneratedFiles\Release\moc_graphsettings2ddialog.cpp">
      <Filter>Generated Files\Release</Filter>
    </ClCompile>
    <ClCompile Include="GeneratedFiles\Debug\moc_graphsettings3ddialog.cpp">
      <Filter>Generated Files\Debug</Filter>
    </ClCompile>
    <ClCompile Include="GeneratedFiles\Release\moc_graphsettings3ddialog.cpp">
      <Filter>Generated Files\Release</Filter>
    </ClCompile>
    <ClCompile Include="GeneratedFiles\Debug\moc_graphwindow.cpp">
      <Filter>Generated Files\Debug</Filter>
    </ClCompile>
    <ClCompile Include="GeneratedFiles\Release\moc_graphwindow.cpp">
      <Filter>Generated Files\Release</Filter>
    </ClCompile>
    <ClCompile Include="GeneratedFiles\Debug\moc_graphwindow2d.cpp">
      <Filter>Generated Files\Debug</Filter>
    </ClCompile>
    <ClCompile Include="GeneratedFiles\Release\moc_graphwindow2d.cpp">
      <Filter>Generated Files\Release</Filter>
    </ClCompile>
    <ClCompile Include="GeneratedFiles\Debug\moc_graphwindow3d.cpp">
      <Filter>Generated Files\Debug</Filter>
    </ClCompile>
    <ClCompile Include="GeneratedFiles\Release\moc_graphwindow3d.cpp">
      <Filter>Generated Files\Release</Filter>
    </ClCompile>
    <ClCompile Include="GeneratedFiles\Debug\moc_helpbrowser.cpp">
      <Filter>Generated Files\Debug</Filter>
    </ClCompile>
    <ClCompile Include="GeneratedFiles\Release\moc_helpbrowser.cpp">
      <Filter>Generated Files\Release</Filter>
    </ClCompile>
    <ClCompile Include="GeneratedFiles\Debug\moc_helpdialog.cpp">
      <Filter>Generated Files\Debug</Filter>
    </ClCompile>
    <ClCompile Include="GeneratedFiles\Release\moc_helpdialog.cpp">
      <Filter>Generated Files\Release</Filter>
    </ClCompile>
    <ClCompile Include="GeneratedFiles\Debug\moc_plotter2d.cpp">
      <Filter>Generated Files\Debug</Filter>
    </ClCompile>
    <ClCompile Include="GeneratedFiles\Release\moc_plotter2d.cpp">
      <Filter>Generated Files\Release</Filter>
    </ClCompile>
    <ClCompile Include="GeneratedFiles\Debug\moc_plotter3d.cpp">
      <Filter>Generated Files\Debug</Filter>
    </ClCompile>
    <ClCompile Include="GeneratedFiles\Release\moc_plotter3d.cpp">
      <Filter>Generated Files\Release</Filter>
    </ClCompile>
    <ClCompile Include="ArcBall.cpp">
      <Filter>Source Files</Filter>
    </ClCompile>
    <ClCompile Include="colorbutton.cpp">
      <Filter>Source Files</Filter>
    </ClCompile>
    <ClCompile Include="commands.cpp">
      <Filter>Source Files</Filter>
    </ClCompile>
    <ClCompile Include="derivativedialog.cpp">
      <Filter>Source Files</Filter>
    </ClCompile>
    <ClCompile Include="ExpressionEvaluator.cpp">
      <Filter>Source Files</Filter>
    </ClCompile>
    <ClCompile Include="function.cpp">
      <Filter>Source Files</Filter>
    </ClCompile>
    <ClCompile Include="function2d.cpp">
      <Filter>Source Files</Filter>
    </ClCompile>
    <ClCompile Include="function2ddialog.cpp">
      <Filter>Source Files</Filter>
    </ClCompile>
    <ClCompile Include="function3d.cpp">
      <Filter>Source Files</Filter>
    </ClCompile>
    <ClCompile Include="function3ddialog.cpp">
      <Filter>Source Files</Filter>
    </ClCompile>
    <ClCompile Include="functionslistview.cpp">
      <Filter>Source Files</Filter>
    </ClCompile>
    <ClCompile Include="fvformathandler.cpp">
      <Filter>Source Files</Filter>
    </ClCompile>
    <ClCompile Include="fvmainwindow.cpp">
      <Filter>Source Files</Filter>
    </ClCompile>
    <ClCompile Include="graphsettings2ddialog.cpp">
      <Filter>Source Files</Filter>
    </ClCompile>
    <ClCompile Include="graphsettings3ddialog.cpp">
      <Filter>Source Files</Filter>
    </ClCompile>
    <ClCompile Include="graphwindow.cpp">
      <Filter>Source Files</Filter>
    </ClCompile>
    <ClCompile Include="graphwindow2d.cpp">
      <Filter>Source Files</Filter>
    </ClCompile>
    <ClCompile Include="graphwindow3d.cpp">
      <Filter>Source Files</Filter>
    </ClCompile>
    <ClCompile Include="helpbrowser.cpp">
      <Filter>Source Files</Filter>
    </ClCompile>
    <ClCompile Include="helpdialog.cpp">
      <Filter>Source Files</Filter>
    </ClCompile>
    <ClCompile Include="main.cpp">
      <Filter>Source Files</Filter>
    </ClCompile>
    <ClCompile Include="Node.cpp">
      <Filter>Source Files</Filter>
    </ClCompile>
    <ClCompile Include="Operator.cpp">
      <Filter>Source Files</Filter>
    </ClCompile>
    <ClCompile Include="plotter2d.cpp">
      <Filter>Source Files</Filter>
    </ClCompile>
    <ClCompile Include="plotter3d.cpp">
      <Filter>Source Files</Filter>
    </ClCompile>
    <ClCompile Include="GeneratedFiles\qrc_resources.cpp">
      <Filter>Generated Files</Filter>
    </ClCompile>
  </ItemGroup>
  <ItemGroup>
    <None Include="images\zoom_in.png">
      <Filter>Resource Files</Filter>
    </None>
    <None Include="images\zoom_out.png">
      <Filter>Resource Files</Filter>
    </None>
    <None Include="images\zoom_selection.png">
      <Filter>Resource Files</Filter>
    </None>
    <None Include="images\image.png">
      <Filter>Resource Files</Filter>
    </None>
    <None Include="images\open.png">
      <Filter>Resource Files</Filter>
    </None>
    <None Include="images\preferences.png">
      <Filter>Resource Files</Filter>
    </None>
    <None Include="images\redo.png">
      <Filter>Resource Files</Filter>
    </None>
    <None Include="images\save.png">
      <Filter>Resource Files</Filter>
    </None>
    <None Include="images\undo.png">
      <Filter>Resource Files</Filter>
    </None>
    <None Include="images\down.png">
      <Filter>Resource Files</Filter>
    </None>
    <None Include="images\left.png">
      <Filter>Resource Files</Filter>
    </None>
    <None Include="images\right.png">
      <Filter>Resource Files</Filter>
    </None>
    <None Include="images\up.png">
      <Filter>Resource Files</Filter>
    </None>
    <None Include="images\rotate.png">
      <Filter>Resource Files</Filter>
    </None>
    <None Include="images\derivative.png">
      <Filter>Resource Files</Filter>
    </None>
    <None Include="images\graph_window_new.png">
      <Filter>Resource Files</Filter>
    </None>
    <None Include="images\graph_add.png">
      <Filter>Resource Files</Filter>
    </None>
    <None Include="images\graph_delete.png">
      <Filter>Resource Files</Filter>
    </None>
    <None Include="images\graph_edit.png">
      <Filter>Resource Files</Filter>
    </None>
    <None Include="translations\qt_pl.qm">
      <Filter>Resource Files</Filter>
    </None>
    <None Include="images\exit.png">
      <Filter>Resource Files</Filter>
    </None>
    <None Include="images\graph_window_settings.png">
      <Filter>Resource Files</Filter>
    </None>
    <None Include="images\new3d.png">
      <Filter>Resource Files</Filter>
    </None>
    <None Include="images\new2d.png">
      <Filter>Resource Files</Filter>
    </None>
    <None Include="images\moveS.png">
      <Filter>Resource Files</Filter>
    </None>
    <None Include="images\moveN.png">
      <Filter>Resource Files</Filter>
    </None>
    <None Include="images\fviconclean32.png">
      <Filter>Resource Files</Filter>
    </None>
    <None Include="images\fvicon128.png">
      <Filter>Resource Files</Filter>
    </None>
    <None Include="images\help.png">
      <Filter>Resource Files</Filter>
    </None>
    <None Include="images\splash.png">
      <Filter>Resource Files</Filter>
    </None>
    <None Include="images\question.png">
      <Filter>Resource Files</Filter>
    </None>
    <None Include="help\edycja.html">
      <Filter>Resource Files</Filter>
    </None>
    <None Include="help\tworzenie.html">
      <Filter>Resource Files</Filter>
    </None>
    <None Include="help\ustawienia.html">
      <Filter>Resource Files</Filter>
    </None>
    <None Include="help\images\new2d.png">
      <Filter>Resource Files</Filter>
    </None>
    <None Include="help\images\new3d.png">
      <Filter>Resource Files</Filter>
    </None>
    <None Include="help\images\tworzenie_okna.png">
      <Filter>Resource Files</Filter>
    </None>
    <None Include="help\images\pasek.png">
      <Filter>Resource Files</Filter>
    </None>
    <None Include="help\images\dodaj_wykres.png">
      <Filter>Resource Files</Filter>
    </None>
    <None Include="help\images\graph_add.png">
      <Filter>Resource Files</Filter>
    </None>
    <None Include="help\images\edycja.png">
      <Filter>Resource Files</Filter>
    </None>
    <None Include="help\images\edycja2d.png">
      <Filter>Resource Files</Filter>
    </None>
    <None Include="help\images\edycja3d.png">
      <Filter>Resource Files</Filter>
    </None>
    <None Include="help\images\graph_edit.png">
      <Filter>Resource Files</Filter>
    </None>
    <None Include="help\images\usuwanie.png">
      <Filter>Resource Files</Filter>
    </None>
    <None Include="help\images\graph_delete.png">
      <Filter>Resource Files</Filter>
    </None>
    <None Include="help\images\graph_window_settings.png">
      <Filter>Resource Files</Filter>
    </None>
    <None Include="help\images\ustawienia3d.png">
      <Filter>Resource Files</Filter>
    </None>
    <None Include="help\images\ustawienia2d.png">
      <Filter>Resource Files</Filter>
    </None>
    <None Include="help\images\rotate.png">
      <Filter>Resource Files</Filter>
    </None>
    <None Include="help\images\ustawienia.png">
      <Filter>Resource Files</Filter>
    </None>
  </ItemGroup>
  <ItemGroup>
    <ResourceCompile Include="fv.rc" />
  </ItemGroup>
</Project>